
Microsoft Visual Studio Solution File, Format Version 12.00
# Visual Studio Version 16
VisualStudioVersion = 16.0.31424.327
MinimumVisualStudioVersion = 10.0.40219.1
Project("{8BC9CEB8-8B4A-11D0-8D11-00A0C91BC942}") = "attempt02", "attempt02\attempt02.vcxproj", "{7A3E305F-8B49-4A9D-9D27-2C5A7E471AC7}"
EndProject
Global
	GlobalSection(SolutionConfigurationPlatforms) = preSolution
		Debug|x64 = Debug|x64
		Debug|x86 = Debug|x86
		Release|x64 = Release|x64
		Release|x86 = Release|x86
	EndGlobalSection
	GlobalSection(ProjectConfigurationPlatforms) = postSolution
		{7A3E305F-8B49-4A9D-9D27-2C5A7E471AC7}.Debug|x64.ActiveCfg = Debug|x64
		{7A3E305F-8B49-4A9D-9D27-2C5A7E471AC7}.Debug|x64.Build.0 = Debug|x64
		{7A3E305F-8B49-4A9D-9D27-2C5A7E471AC7}.Debug|x86.ActiveCfg = Debug|Win32
		{7A3E305F-8B49-4A9D-9D27-2C5A7E471AC7}.Debug|x86.Build.0 = Debug|Win32
		{7A3E305F-8B49-4A9D-9D27-2C5A7E471AC7}.Release|x64.ActiveCfg = Release|x64
		{7A3E305F-8B49-4A9D-9D27-2C5A7E471AC7}.Release|x64.Build.0 = Release|x64
		{7A3E305F-8B49-4A9D-9D27-2C5A7E471AC7}.Release|x86.ActiveCfg = Release|Win32
		{7A3E305F-8B49-4A9D-9D27-2C5A7E471AC7}.Release|x86.Build.0 = Release|Win32
	EndGlobalSection
	GlobalSection(SolutionProperties) = preSolution
		HideSolutionNode = FALSE
	EndGlobalSection
	GlobalSection(ExtensibilityGlobals) = postSolution
		SolutionGuid = {18B44C15-2DD6-49DE-9614-FE7AD358B980}
	EndGlobalSection
EndGlobal
